
Microsoft Visual Studio Solution File, Format Version 12.00
# Visual Studio Version 17
VisualStudioVersion = 17.9.34902.65
MinimumVisualStudioVersion = 10.0.40219.1
Project("{2150E333-8FDC-42A3-9474-1A3956D46DE8}") = "src", "src", "{7DDFE641-4B64-489E-A87A-AD61503B40F2}"
EndProject
Project("{2150E333-8FDC-42A3-9474-1A3956D46DE8}") = "Shared", "Shared", "{22884DB1-DE11-430D-8AE4-4E56375C15BC}"
EndProject
Project("{2150E333-8FDC-42A3-9474-1A3956D46DE8}") = "Services", "Services", "{5478B5E0-237B-4FEC-9C04-0EEB5C00B1B1}"
EndProject
Project("{2150E333-8FDC-42A3-9474-1A3956D46DE8}") = "HotelService", "HotelService", "{78EE2964-9DFE-496B-AE00-688BCE8F0198}"
EndProject
Project("{2150E333-8FDC-42A3-9474-1A3956D46DE8}") = "ReportService", "ReportService", "{381C28FF-BB93-4FFC-A5B5-28CDDC8C066D}"
EndProject
Project("{9A19103F-16F7-4668-BE54-9A1E7A4F7556}") = "HotelGuide.Service.Hotel", "HotelGuide.Service.Hotel\HotelGuide.Service.Hotel.csproj", "{B0778F5E-5D11-476D-B7AB-3F4AB2C01B18}"
EndProject
Project("{9A19103F-16F7-4668-BE54-9A1E7A4F7556}") = "HotelGuide.Service.ReportService", "HotelGuide.Service.ReportService\HotelGuide.Service.ReportService.csproj", "{0EBE256C-88D1-459B-89AB-9C96320FB3A1}"
EndProject
Project("{9A19103F-16F7-4668-BE54-9A1E7A4F7556}") = "HotelGuide.Shared", "HotelGuide.Shared\HotelGuide.Shared.csproj", "{7491BAC4-115F-4BBA-B8A0-EA5A30DCBB2D}"
EndProject
Project("{2150E333-8FDC-42A3-9474-1A3956D46DE8}") = "Infrastructure", "Infrastructure", "{A69D9CE9-3497-4071-8734-EFC19B735A91}"
EndProject
Project("{2150E333-8FDC-42A3-9474-1A3956D46DE8}") = "Presentation", "Presentation", "{26B87971-D86D-4166-B4C9-45181A70DA77}"
EndProject
Project("{2150E333-8FDC-42A3-9474-1A3956D46DE8}") = "Core", "Core", "{7198A1E4-0692-4179-A8D0-F0CB2C0169DE}"
EndProject
Project("{2150E333-8FDC-42A3-9474-1A3956D46DE8}") = "Core", "Core", "{002B9825-8BC4-49AC-B0A2-D5636038E0E6}"
EndProject
Project("{2150E333-8FDC-42A3-9474-1A3956D46DE8}") = "Infrastructure", "Infrastructure", "{C287629E-0A59-46F3-8672-CC1AEDAF0C47}"
EndProject
Project("{2150E333-8FDC-42A3-9474-1A3956D46DE8}") = "Presentation", "Presentation", "{07BF64D2-CC91-4FBE-9509-77EA61720EDB}"
EndProject
Project("{9A19103F-16F7-4668-BE54-9A1E7A4F7556}") = "HotelService.Domain", "HotelService.Domain\HotelService.Domain.csproj", "{65EEE6E2-1618-4DD6-B2BF-5751C9244F07}"
EndProject
Project("{9A19103F-16F7-4668-BE54-9A1E7A4F7556}") = "HotelService.Application", "HotelService.Application\HotelService.Application.csproj", "{CF2700C7-3E99-43A7-BD55-6189B3123A12}"
EndProject
Project("{9A19103F-16F7-4668-BE54-9A1E7A4F7556}") = "HotelService.Infrastructure", "HotelService.Infrastructure\HotelService.Infrastructure.csproj", "{62EAEA96-F9BC-4AF3-95F3-B224F1A0401C}"
EndProject
Project("{9A19103F-16F7-4668-BE54-9A1E7A4F7556}") = "HotelService.Persistence", "HotelService.Persistence\HotelService.Persistence.csproj", "{BF78DE43-6803-4189-9CC4-BC9126FA8870}"
EndProject
Project("{9A19103F-16F7-4668-BE54-9A1E7A4F7556}") = "ReportService.Domain", "ReportService.Domain\ReportService.Domain.csproj", "{4EA3CD06-B86F-462F-B44F-5B135B14D66C}"
EndProject
Project("{9A19103F-16F7-4668-BE54-9A1E7A4F7556}") = "ReportService.Application", "ReportService.Application\ReportService.Application.csproj", "{1AB70C10-53A2-4370-A9EB-9BE51A1201E2}"
EndProject
Project("{9A19103F-16F7-4668-BE54-9A1E7A4F7556}") = "ReportService.Infrastructure", "ReportService.Infrastructure\ReportService.Infrastructure.csproj", "{550B0163-D479-4AD8-8D8A-27BCF65C2297}"
EndProject
Project("{9A19103F-16F7-4668-BE54-9A1E7A4F7556}") = "ReportService.Persistence", "ReportService.Persistence\ReportService.Persistence.csproj", "{3F50D257-0065-4BA0-9D06-CE1EFCCDCEFB}"
EndProject
Global
	GlobalSection(SolutionConfigurationPlatforms) = preSolution
		Debug|Any CPU = Debug|Any CPU
		Release|Any CPU = Release|Any CPU
	EndGlobalSection
	GlobalSection(ProjectConfigurationPlatforms) = postSolution
		{B0778F5E-5D11-476D-B7AB-3F4AB2C01B18}.Debug|Any CPU.ActiveCfg = Debug|Any CPU
		{B0778F5E-5D11-476D-B7AB-3F4AB2C01B18}.Debug|Any CPU.Build.0 = Debug|Any CPU
		{B0778F5E-5D11-476D-B7AB-3F4AB2C01B18}.Release|Any CPU.ActiveCfg = Release|Any CPU
		{B0778F5E-5D11-476D-B7AB-3F4AB2C01B18}.Release|Any CPU.Build.0 = Release|Any CPU
		{0EBE256C-88D1-459B-89AB-9C96320FB3A1}.Debug|Any CPU.ActiveCfg = Debug|Any CPU
		{0EBE256C-88D1-459B-89AB-9C96320FB3A1}.Debug|Any CPU.Build.0 = Debug|Any CPU
		{0EBE256C-88D1-459B-89AB-9C96320FB3A1}.Release|Any CPU.ActiveCfg = Release|Any CPU
		{0EBE256C-88D1-459B-89AB-9C96320FB3A1}.Release|Any CPU.Build.0 = Release|Any CPU
		{7491BAC4-115F-4BBA-B8A0-EA5A30DCBB2D}.Debug|Any CPU.ActiveCfg = Debug|Any CPU
		{7491BAC4-115F-4BBA-B8A0-EA5A30DCBB2D}.Debug|Any CPU.Build.0 = Debug|Any CPU
		{7491BAC4-115F-4BBA-B8A0-EA5A30DCBB2D}.Release|Any CPU.ActiveCfg = Release|Any CPU
		{7491BAC4-115F-4BBA-B8A0-EA5A30DCBB2D}.Release|Any CPU.Build.0 = Release|Any CPU
		{65EEE6E2-1618-4DD6-B2BF-5751C9244F07}.Debug|Any CPU.ActiveCfg = Debug|Any CPU
		{65EEE6E2-1618-4DD6-B2BF-5751C9244F07}.Debug|Any CPU.Build.0 = Debug|Any CPU
		{65EEE6E2-1618-4DD6-B2BF-5751C9244F07}.Release|Any CPU.ActiveCfg = Release|Any CPU
		{65EEE6E2-1618-4DD6-B2BF-5751C9244F07}.Release|Any CPU.Build.0 = Release|Any CPU
		{CF2700C7-3E99-43A7-BD55-6189B3123A12}.Debug|Any CPU.ActiveCfg = Debug|Any CPU
		{CF2700C7-3E99-43A7-BD55-6189B3123A12}.Debug|Any CPU.Build.0 = Debug|Any CPU
		{CF2700C7-3E99-43A7-BD55-6189B3123A12}.Release|Any CPU.ActiveCfg = Release|Any CPU
		{CF2700C7-3E99-43A7-BD55-6189B3123A12}.Release|Any CPU.Build.0 = Release|Any CPU
		{62EAEA96-F9BC-4AF3-95F3-B224F1A0401C}.Debug|Any CPU.ActiveCfg = Debug|Any CPU
		{62EAEA96-F9BC-4AF3-95F3-B224F1A0401C}.Debug|Any CPU.Build.0 = Debug|Any CPU
		{62EAEA96-F9BC-4AF3-95F3-B224F1A0401C}.Release|Any CPU.ActiveCfg = Release|Any CPU
		{62EAEA96-F9BC-4AF3-95F3-B224F1A0401C}.Release|Any CPU.Build.0 = Release|Any CPU
		{BF78DE43-6803-4189-9CC4-BC9126FA8870}.Debug|Any CPU.ActiveCfg = Debug|Any CPU
		{BF78DE43-6803-4189-9CC4-BC9126FA8870}.Debug|Any CPU.Build.0 = Debug|Any CPU
		{BF78DE43-6803-4189-9CC4-BC9126FA8870}.Release|Any CPU.ActiveCfg = Release|Any CPU
		{BF78DE43-6803-4189-9CC4-BC9126FA8870}.Release|Any CPU.Build.0 = Release|Any CPU
		{4EA3CD06-B86F-462F-B44F-5B135B14D66C}.Debug|Any CPU.ActiveCfg = Debug|Any CPU
		{4EA3CD06-B86F-462F-B44F-5B135B14D66C}.Debug|Any CPU.Build.0 = Debug|Any CPU
		{4EA3CD06-B86F-462F-B44F-5B135B14D66C}.Release|Any CPU.ActiveCfg = Release|Any CPU
		{4EA3CD06-B86F-462F-B44F-5B135B14D66C}.Release|Any CPU.Build.0 = Release|Any CPU
		{1AB70C10-53A2-4370-A9EB-9BE51A1201E2}.Debug|Any CPU.ActiveCfg = Debug|Any CPU
		{1AB70C10-53A2-4370-A9EB-9BE51A1201E2}.Debug|Any CPU.Build.0 = Debug|Any CPU
		{1AB70C10-53A2-4370-A9EB-9BE51A1201E2}.Release|Any CPU.ActiveCfg = Release|Any CPU
		{1AB70C10-53A2-4370-A9EB-9BE51A1201E2}.Release|Any CPU.Build.0 = Release|Any CPU
		{550B0163-D479-4AD8-8D8A-27BCF65C2297}.Debug|Any CPU.ActiveCfg = Debug|Any CPU
		{550B0163-D479-4AD8-8D8A-27BCF65C2297}.Debug|Any CPU.Build.0 = Debug|Any CPU
		{550B0163-D479-4AD8-8D8A-27BCF65C2297}.Release|Any CPU.ActiveCfg = Release|Any CPU
		{550B0163-D479-4AD8-8D8A-27BCF65C2297}.Release|Any CPU.Build.0 = Release|Any CPU
		{3F50D257-0065-4BA0-9D06-CE1EFCCDCEFB}.Debug|Any CPU.ActiveCfg = Debug|Any CPU
		{3F50D257-0065-4BA0-9D06-CE1EFCCDCEFB}.Debug|Any CPU.Build.0 = Debug|Any CPU
		{3F50D257-0065-4BA0-9D06-CE1EFCCDCEFB}.Release|Any CPU.ActiveCfg = Release|Any CPU
		{3F50D257-0065-4BA0-9D06-CE1EFCCDCEFB}.Release|Any CPU.Build.0 = Release|Any CPU
	EndGlobalSection
	GlobalSection(SolutionProperties) = preSolution
		HideSolutionNode = FALSE
	EndGlobalSection
	GlobalSection(NestedProjects) = preSolution
		{22884DB1-DE11-430D-8AE4-4E56375C15BC} = {7DDFE641-4B64-489E-A87A-AD61503B40F2}
		{5478B5E0-237B-4FEC-9C04-0EEB5C00B1B1} = {7DDFE641-4B64-489E-A87A-AD61503B40F2}
		{78EE2964-9DFE-496B-AE00-688BCE8F0198} = {5478B5E0-237B-4FEC-9C04-0EEB5C00B1B1}
		{381C28FF-BB93-4FFC-A5B5-28CDDC8C066D} = {5478B5E0-237B-4FEC-9C04-0EEB5C00B1B1}
		{B0778F5E-5D11-476D-B7AB-3F4AB2C01B18} = {26B87971-D86D-4166-B4C9-45181A70DA77}
		{0EBE256C-88D1-459B-89AB-9C96320FB3A1} = {07BF64D2-CC91-4FBE-9509-77EA61720EDB}
		{7491BAC4-115F-4BBA-B8A0-EA5A30DCBB2D} = {22884DB1-DE11-430D-8AE4-4E56375C15BC}
		{A69D9CE9-3497-4071-8734-EFC19B735A91} = {78EE2964-9DFE-496B-AE00-688BCE8F0198}
		{26B87971-D86D-4166-B4C9-45181A70DA77} = {78EE2964-9DFE-496B-AE00-688BCE8F0198}
		{7198A1E4-0692-4179-A8D0-F0CB2C0169DE} = {78EE2964-9DFE-496B-AE00-688BCE8F0198}
		{002B9825-8BC4-49AC-B0A2-D5636038E0E6} = {381C28FF-BB93-4FFC-A5B5-28CDDC8C066D}
		{C287629E-0A59-46F3-8672-CC1AEDAF0C47} = {381C28FF-BB93-4FFC-A5B5-28CDDC8C066D}
		{07BF64D2-CC91-4FBE-9509-77EA61720EDB} = {381C28FF-BB93-4FFC-A5B5-28CDDC8C066D}
		{65EEE6E2-1618-4DD6-B2BF-5751C9244F07} = {7198A1E4-0692-4179-A8D0-F0CB2C0169DE}
		{CF2700C7-3E99-43A7-BD55-6189B3123A12} = {7198A1E4-0692-4179-A8D0-F0CB2C0169DE}
		{62EAEA96-F9BC-4AF3-95F3-B224F1A0401C} = {A69D9CE9-3497-4071-8734-EFC19B735A91}
		{BF78DE43-6803-4189-9CC4-BC9126FA8870} = {A69D9CE9-3497-4071-8734-EFC19B735A91}
		{4EA3CD06-B86F-462F-B44F-5B135B14D66C} = {002B9825-8BC4-49AC-B0A2-D5636038E0E6}
		{1AB70C10-53A2-4370-A9EB-9BE51A1201E2} = {002B9825-8BC4-49AC-B0A2-D5636038E0E6}
		{550B0163-D479-4AD8-8D8A-27BCF65C2297} = {C287629E-0A59-46F3-8672-CC1AEDAF0C47}
		{3F50D257-0065-4BA0-9D06-CE1EFCCDCEFB} = {C287629E-0A59-46F3-8672-CC1AEDAF0C47}
	EndGlobalSection
	GlobalSection(ExtensibilityGlobals) = postSolution
		SolutionGuid = {C7CBC013-6ED7-4470-8DF9-ADB37A8BDDF8}
	EndGlobalSection
EndGlobal
